
Microsoft Visual Studio Solution File, Format Version 12.00
# Visual Studio Version 17
VisualStudioVersion = 17.14.36623.8
MinimumVisualStudioVersion = 10.0.40219.1
Project("{FAE04EC0-301F-11D3-BF4B-00C04F79EFBC}") = "AES.Core", "AES.Core\AES.Core.csproj", "{C8CB1F74-AC33-4CC4-B3E6-739480CB6C41}"
EndProject
Project("{FAE04EC0-301F-11D3-BF4B-00C04F79EFBC}") = "AES.DataAccess", "AES.Data\AES.DataAccess.csproj", "{F4AEF8F7-04D6-4544-97CC-637C9493E5D7}"
EndProject
Project("{FAE04EC0-301F-11D3-BF4B-00C04F79EFBC}") = "AES.Services", "AES.Services\AES.Services.csproj", "{FA85EB61-A97A-47FB-A716-E79F8EBF9E99}"
EndProject
Project("{FAE04EC0-301F-11D3-BF4B-00C04F79EFBC}") = "AES.Data.Test", "AES.Data.Test\AES.Data.Test.csproj", "{44DCACCB-D262-4CE2-B09B-0DA2EB573C27}"
EndProject
Project("{FAE04EC0-301F-11D3-BF4B-00C04F79EFBC}") = "AES.DataAccess.Tests", "AES.DataAccess.Tests\AES.DataAccess.Tests.csproj", "{3DE60A57-7E33-42E6-9914-506400C3FFE0}"
EndProject
Global
	GlobalSection(SolutionConfigurationPlatforms) = preSolution
		Debug|Any CPU = Debug|Any CPU
		Release|Any CPU = Release|Any CPU
	EndGlobalSection
	GlobalSection(ProjectConfigurationPlatforms) = postSolution
		{C8CB1F74-AC33-4CC4-B3E6-739480CB6C41}.Debug|Any CPU.ActiveCfg = Debug|Any CPU
		{C8CB1F74-AC33-4CC4-B3E6-739480CB6C41}.Debug|Any CPU.Build.0 = Debug|Any CPU
		{C8CB1F74-AC33-4CC4-B3E6-739480CB6C41}.Release|Any CPU.ActiveCfg = Release|Any CPU
		{C8CB1F74-AC33-4CC4-B3E6-739480CB6C41}.Release|Any CPU.Build.0 = Release|Any CPU
		{F4AEF8F7-04D6-4544-97CC-637C9493E5D7}.Debug|Any CPU.ActiveCfg = Debug|Any CPU
		{F4AEF8F7-04D6-4544-97CC-637C9493E5D7}.Debug|Any CPU.Build.0 = Debug|Any CPU
		{F4AEF8F7-04D6-4544-97CC-637C9493E5D7}.Release|Any CPU.ActiveCfg = Release|Any CPU
		{F4AEF8F7-04D6-4544-97CC-637C9493E5D7}.Release|Any CPU.Build.0 = Release|Any CPU
		{FA85EB61-A97A-47FB-A716-E79F8EBF9E99}.Debug|Any CPU.ActiveCfg = Debug|Any CPU
		{FA85EB61-A97A-47FB-A716-E79F8EBF9E99}.Debug|Any CPU.Build.0 = Debug|Any CPU
		{FA85EB61-A97A-47FB-A716-E79F8EBF9E99}.Release|Any CPU.ActiveCfg = Release|Any CPU
		{FA85EB61-A97A-47FB-A716-E79F8EBF9E99}.Release|Any CPU.Build.0 = Release|Any CPU
		{44DCACCB-D262-4CE2-B09B-0DA2EB573C27}.Debug|Any CPU.ActiveCfg = Debug|Any CPU
		{44DCACCB-D262-4CE2-B09B-0DA2EB573C27}.Debug|Any CPU.Build.0 = Debug|Any CPU
		{44DCACCB-D262-4CE2-B09B-0DA2EB573C27}.Release|Any CPU.ActiveCfg = Release|Any CPU
		{44DCACCB-D262-4CE2-B09B-0DA2EB573C27}.Release|Any CPU.Build.0 = Release|Any CPU
		{3DE60A57-7E33-42E6-9914-506400C3FFE0}.Debug|Any CPU.ActiveCfg = Debug|Any CPU
		{3DE60A57-7E33-42E6-9914-506400C3FFE0}.Debug|Any CPU.Build.0 = Debug|Any CPU
		{3DE60A57-7E33-42E6-9914-506400C3FFE0}.Release|Any CPU.ActiveCfg = Release|Any CPU
		{3DE60A57-7E33-42E6-9914-506400C3FFE0}.Release|Any CPU.Build.0 = Release|Any CPU
	EndGlobalSection
	GlobalSection(SolutionProperties) = preSolution
		HideSolutionNode = FALSE
	EndGlobalSection
	GlobalSection(ExtensibilityGlobals) = postSolution
		SolutionGuid = {EE593450-63A9-4139-9672-F68570105D3D}
	EndGlobalSection
EndGlobal
